<?xml version="1.0" encoding="utf-8"?>
<Project ToolsVersion="4.0" xmlns="http://schemas.microsoft.com/developer/msbuild/2003">
  <ItemGroup>
    <Filter Include="Исходные файлы">
      <UniqueIdentifier>{4FC737F1-C7A5-4376-A066-2A32D752A2FF}</UniqueIdentifier>
      <Extensions>cpp;c;cc;cxx;c++;cppm;ixx;def;odl;idl;hpj;bat;asm;asmx</Extensions>
    </Filter>
    <Filter Include="Файлы заголовков">
      <UniqueIdentifier>{93995380-89BD-4b04-88EB-625FBE52EBFB}</UniqueIdentifier>
      <Extensions>h;hh;hpp;hxx;h++;hm;inl;inc;ipp;xsd</Extensions>
    </Filter>
    <Filter Include="Файлы ресурсов">
      <UniqueIdentifier>{67DA6AB6-F800-4c08-8B7A-83BB121AAD01}</UniqueIdentifier>
      <Extensions>rc;ico;cur;bmp;dlg;rc2;rct;bin;rgs;gif;jpg;jpeg;jpe;resx;tiff;tif;png;wav;mfcribbon-ms</Extensions>
    </Filter>
    <Filter Include="Графика">
      <UniqueIdentifier>{629a45b3-f4db-4887-9552-e019a8a112cd}</UniqueIdentifier>
    </Filter>
    <Filter Include="Графика\Исходные файлы">
      <UniqueIdentifier>{cd9b08ea-7972-4b31-84a2-aa1d51a8fe0e}</UniqueIdentifier>
    </Filter>
    <Filter Include="Графика\Файлы заголовков">
      <UniqueIdentifier>{39fb6d27-ba1b-4945-a529-41441d5eff75}</UniqueIdentifier>
    </Filter>
    <Filter Include="Bot">
      <UniqueIdentifier>{889975aa-e9c7-4b28-9c95-f8108bfc92c3}</UniqueIdentifier>
    </Filter>
    <Filter Include="Bot\Файлы заголовков">
      <UniqueIdentifier>{92daba45-4635-4fc2-a4b7-9d10d0d03412}</UniqueIdentifier>
    </Filter>
    <Filter Include="Bot\Исходные файлы">
      <UniqueIdentifier>{fd37a194-a98a-43b9-a04f-45b6563be866}</UniqueIdentifier>
    </Filter>
  </ItemGroup>
  <ItemGroup>
    <ClCompile Include="main.cpp">
      <Filter>Исходные файлы</Filter>
    </ClCompile>
    <ClCompile Include="GeneticAlgorithm.cpp">
      <Filter>Исходные файлы</Filter>
    </ClCompile>
    <ClCompile Include="Environment.cpp">
      <Filter>Исходные файлы</Filter>
    </ClCompile>
    <ClCompile Include="App.cpp">
      <Filter>Исходные файлы</Filter>
    </ClCompile>
    <ClCompile Include="Button.cpp">
      <Filter>Графика\Исходные файлы</Filter>
    </ClCompile>
    <ClCompile Include="Slider.cpp">
      <Filter>Графика\Исходные файлы</Filter>
    </ClCompile>
    <ClCompile Include="Label.cpp">
      <Filter>Графика\Исходные файлы</Filter>
    </ClCompile>
    <ClCompile Include="Food.cpp">
      <Filter>Bot\Исходные файлы</Filter>
    </ClCompile>
    <ClCompile Include="Emptiness.cpp">
      <Filter>Bot\Исходные файлы</Filter>
    </ClCompile>
    <ClCompile Include="Corpse.cpp">
      <Filter>Bot\Исходные файлы</Filter>
    </ClCompile>
    <ClCompile Include="Bot.cpp">
      <Filter>Bot\Исходные файлы</Filter>
    </ClCompile>
  </ItemGroup>
  <ItemGroup>
    <ClInclude Include="GeneticAlgorithm.h">
      <Filter>Файлы заголовков</Filter>
    </ClInclude>
    <ClInclude Include="Environment.h">
      <Filter>Файлы заголовков</Filter>
    </ClInclude>
    <ClInclude Include="App.h">
      <Filter>Файлы заголовков</Filter>
    </ClInclude>
    <ClInclude Include="GenGui.h">
      <Filter>Графика\Файлы заголовков</Filter>
    </ClInclude>
    <ClInclude Include="Button.h">
      <Filter>Графика\Файлы заголовков</Filter>
    </ClInclude>
    <ClInclude Include="Slider.h">
      <Filter>Графика\Файлы заголовков</Filter>
    </ClInclude>
    <ClInclude Include="Label.h">
      <Filter>Графика\Файлы заголовков</Filter>
    </ClInclude>
    <ClInclude Include="ExtraColors.hpp">
      <Filter>Графика\Файлы заголовков</Filter>
    </ClInclude>
    <ClInclude Include="consts.h">
      <Filter>Файлы заголовков</Filter>
    </ClInclude>
    <ClInclude Include="Bot.h">
      <Filter>Bot\Файлы заголовков</Filter>
    </ClInclude>
    <ClInclude Include="Cells.h">
      <Filter>Bot\Файлы заголовков</Filter>
    </ClInclude>
    <ClInclude Include="Corpse.h">
      <Filter>Bot\Файлы заголовков</Filter>
    </ClInclude>
    <ClInclude Include="Emptiness.h">
      <Filter>Bot\Файлы заголовков</Filter>
    </ClInclude>
    <ClInclude Include="Food.h">
      <Filter>Bot\Файлы заголовков</Filter>
    </ClInclude>
    <ClInclude Include="Object.hpp">
      <Filter>Bot\Файлы заголовков</Filter>
    </ClInclude>
    <ClInclude Include="GObject.hpp">
      <Filter>Графика\Файлы заголовков</Filter>
    </ClInclude>
    <ClInclude Include="Camera.hpp">
      <Filter>Файлы заголовков</Filter>
    </ClInclude>
  </ItemGroup>
</Project>